// !$*UTF8*$!
{
	archiveVersion = 1;
	classes = {
	};
	objectVersion = 55;
	objects = {

/* Begin PBXBuildFile section */
		10C28C6427F4B5750030EAC1 /* AppDelegate.swift in Sources */ = {isa = PBXBuildFile; fileRef = 10C28C6327F4B5750030EAC1 /* AppDelegate.swift */; };
		10C28C6627F4B5750030EAC1 /* SceneDelegate.swift in Sources */ = {isa = PBXBuildFile; fileRef = 10C28C6527F4B5750030EAC1 /* SceneDelegate.swift */; };
		10C28C6827F4B5750030EAC1 /* ViewController.swift in Sources */ = {isa = PBXBuildFile; fileRef = 10C28C6727F4B5750030EAC1 /* ViewController.swift */; };
		10C28C6B27F4B5750030EAC1 /* Main.storyboard in Resources */ = {isa = PBXBuildFile; fileRef = 10C28C6927F4B5750030EAC1 /* Main.storyboard */; };
		10C28C6D27F4B5770030EAC1 /* Assets.xcassets in Resources */ = {isa = PBXBuildFile; fileRef = 10C28C6C27F4B5770030EAC1 /* Assets.xcassets */; };
		10C28C7027F4B5770030EAC1 /* LaunchScreen.storyboard in Resources */ = {isa = PBXBuildFile; fileRef = 10C28C6E27F4B5770030EAC1 /* LaunchScreen.storyboard */; };
		10C28C7B27F4B5780030EAC1 /* ThreeButtonsTests.swift in Sources */ = {isa = PBXBuildFile; fileRef = 10C28C7A27F4B5780030EAC1 /* ThreeButtonsTests.swift */; };
		10C28C8527F4B5780030EAC1 /* ThreeButtonsUITests.swift in Sources */ = {isa = PBXBuildFile; fileRef = 10C28C8427F4B5780030EAC1 /* ThreeButtonsUITests.swift */; };
		10C28C8727F4B5780030EAC1 /* ThreeButtonsUITestsLaunchTests.swift in Sources */ = {isa = PBXBuildFile; fileRef = 10C28C8627F4B5780030EAC1 /* ThreeButtonsUITestsLaunchTests.swift */; };
/* End PBXBuildFile section */

/* Begin PBXContainerItemProxy section */
		10C28C7727F4B5780030EAC1 /* PBXContainerItemProxy */ = {
			isa = PBXContainerItemProxy;
			containerPortal = 10C28C5827F4B5750030EAC1 /* Project object */;
			proxyType = 1;
			remoteGlobalIDString = 10C28C5F27F4B5750030EAC1;
			remoteInfo = ThreeButtons;
		};
		10C28C8127F4B5780030EAC1 /* PBXContainerItemProxy */ = {
			isa = PBXContainerItemProxy;
			containerPortal = 10C28C5827F4B5750030EAC1 /* Project object */;
			proxyType = 1;
			remoteGlobalIDString = 10C28C5F27F4B5750030EAC1;
			remoteInfo = ThreeButtons;
		};
/* End PBXContainerItemProxy section */

/* Begin PBXFileReference section */
		10C28C6027F4B5750030EAC1 /* ThreeButtons.app */ = {isa = PBXFileReference; explicitFileType = wrapper.application; includeInIndex = 0; path = ThreeButtons.app; sourceTree = BUILT_PRODUCTS_DIR; };
		10C28C6327F4B5750030EAC1 /* AppDelegate.swift */ = {isa = PBXFileReference; lastKnownFileType = sourcecode.swift; path = AppDelegate.swift; sourceTree = "<group>"; };
		10C28C6527F4B5750030EAC1 /* SceneDelegate.swift */ = {isa = PBXFileReference; lastKnownFileType = sourcecode.swift; path = SceneDelegate.swift; sourceTree = "<group>"; };
		10C28C6727F4B5750030EAC1 /* ViewController.swift */ = {isa = PBXFileReference; lastKnownFileType = sourcecode.swift; path = ViewController.swift; sourceTree = "<group>"; };
		10C28C6A27F4B5750030EAC1 /* Base */ = {isa = PBXFileReference; lastKnownFileType = file.storyboard; name = Base; path = Base.lproj/Main.storyboard; sourceTree = "<group>"; };
		10C28C6C27F4B5770030EAC1 /* Assets.xcassets */ = {isa = PBXFileReference; lastKnownFileType = folder.assetcatalog; path = Assets.xcassets; sourceTree = "<group>"; };
		10C28C6F27F4B5770030EAC1 /* Base */ = {isa = PBXFileReference; lastKnownFileType = file.storyboard; name = Base; path = Base.lproj/LaunchScreen.storyboard; sourceTree = "<group>"; };
		10C28C7127F4B5770030EAC1 /* Info.plist */ = {isa = PBXFileReference; lastKnownFileType = text.plist.xml; path = Info.plist; sourceTree = "<group>"; };
		10C28C7627F4B5780030EAC1 /* ThreeButtonsTests.xctest */ = {isa = PBXFileReference; explicitFileType = wrapper.cfbundle; includeInIndex = 0; path = ThreeButtonsTests.xctest; sourceTree = BUILT_PRODUCTS_DIR; };
		10C28C7A27F4B5780030EAC1 /* ThreeButtonsTests.swift */ = {isa = PBXFileReference; lastKnownFileType = sourcecode.swift; path = ThreeButtonsTests.swift; sourceTree = "<group>"; };
		10C28C8027F4B5780030EAC1 /* ThreeButtonsUITests.xctest */ = {isa = PBXFileReference; explicitFileType = wrapper.cfbundle; includeInIndex = 0; path = ThreeButtonsUITests.xctest; sourceTree = BUILT_PRODUCTS_DIR; };
		10C28C8427F4B5780030EAC1 /* ThreeButtonsUITests.swift */ = {isa = PBXFileReference; lastKnownFileType = sourcecode.swift; path = ThreeButtonsUITests.swift; sourceTree = "<group>"; };
		10C28C8627F4B5780030EAC1 /* ThreeButtonsUITestsLaunchTests.swift */ = {isa = PBXFileReference; lastKnownFileType = sourcecode.swift; path = ThreeButtonsUITestsLaunchTests.swift; sourceTree = "<group>"; };
/* End PBXFileReference section */

/* Begin PBXFrameworksBuildPhase section */
		10C28C5D27F4B5750030EAC1 /* Frameworks */ = {
			isa = PBXFrameworksBuildPhase;
			buildActionMask = 2147483647;
			files = (
			);
			runOnlyForDeploymentPostprocessing = 0;
		};
		10C28C7327F4B5780030EAC1 /* Frameworks */ = {
			isa = PBXFrameworksBuildPhase;
			buildActionMask = 2147483647;
			files = (
			);
			runOnlyForDeploymentPostprocessing = 0;
		};
		10C28C7D27F4B5780030EAC1 /* Frameworks */ = {
			isa = PBXFrameworksBuildPhase;
			buildActionMask = 2147483647;
			files = (
			);
			runOnlyForDeploymentPostprocessing = 0;
		};
/* End PBXFrameworksBuildPhase section */

/* Begin PBXGroup section */
		10C28C5727F4B5750030EAC1 = {
			isa = PBXGroup;
			children = (
				10C28C6227F4B5750030EAC1 /* ThreeButtons */,
				10C28C7927F4B5780030EAC1 /* ThreeButtonsTests */,
				10C28C8327F4B5780030EAC1 /* ThreeButtonsUITests */,
				10C28C6127F4B5750030EAC1 /* Products */,
			);
			sourceTree = "<group>";
		};
		10C28C6127F4B5750030EAC1 /* Products */ = {
			isa = PBXGroup;
			children = (
				10C28C6027F4B5750030EAC1 /* ThreeButtons.app */,
				10C28C7627F4B5780030EAC1 /* ThreeButtonsTests.xctest */,
				10C28C8027F4B5780030EAC1 /* ThreeButtonsUITests.xctest */,
			);
			name = Products;
			sourceTree = "<group>";
		};
		10C28C6227F4B5750030EAC1 /* ThreeButtons */ = {
			isa = PBXGroup;
			children = (
				10C28C6327F4B5750030EAC1 /* AppDelegate.swift */,
				10C28C6527F4B5750030EAC1 /* SceneDelegate.swift */,
				10C28C6727F4B5750030EAC1 /* ViewController.swift */,
				10C28C6927F4B5750030EAC1 /* Main.storyboard */,
				10C28C6C27F4B5770030EAC1 /* Assets.xcassets */,
				10C28C6E27F4B5770030EAC1 /* LaunchScreen.storyboard */,
				10C28C7127F4B5770030EAC1 /* Info.plist */,
			);
			path = ThreeButtons;
			sourceTree = "<group>";
		};
		10C28C7927F4B5780030EAC1 /* ThreeButtonsTests */ = {
			isa = PBXGroup;
			children = (
				10C28C7A27F4B5780030EAC1 /* ThreeButtonsTests.swift */,
			);
			path = ThreeButtonsTests;
			sourceTree = "<group>";
		};
		10C28C8327F4B5780030EAC1 /* ThreeButtonsUITests */ = {
			isa = PBXGroup;
			children = (
				10C28C8427F4B5780030EAC1 /* ThreeButtonsUITests.swift */,
				10C28C8627F4B5780030EAC1 /* ThreeButtonsUITestsLaunchTests.swift */,
			);
			path = ThreeButtonsUITests;
			sourceTree = "<group>";
		};
/* End PBXGroup section */

/* Begin PBXNativeTarget section */
		10C28C5F27F4B5750030EAC1 /* ThreeButtons */ = {
			isa = PBXNativeTarget;
			buildConfigurationList = 10C28C8A27F4B5780030EAC1 /* Build configuration list for PBXNativeTarget "ThreeButtons" */;
			buildPhases = (
				10C28C5C27F4B5750030EAC1 /* Sources */,
				10C28C5D27F4B5750030EAC1 /* Frameworks */,
				10C28C5E27F4B5750030EAC1 /* Resources */,
			);
			buildRules = (
			);
			dependencies = (
			);
			name = ThreeButtons;
			productName = ThreeButtons;
			productReference = 10C28C6027F4B5750030EAC1 /* ThreeButtons.app */;
			productType = "com.apple.product-type.application";
		};
		10C28C7527F4B5780030EAC1 /* ThreeButtonsTests */ = {
			isa = PBXNativeTarget;
			buildConfigurationList = 10C28C8D27F4B5780030EAC1 /* Build configuration list for PBXNativeTarget "ThreeButtonsTests" */;
			buildPhases = (
				10C28C7227F4B5780030EAC1 /* Sources */,
				10C28C7327F4B5780030EAC1 /* Frameworks */,
				10C28C7427F4B5780030EAC1 /* Resources */,
			);
			buildRules = (
			);
			dependencies = (
				10C28C7827F4B5780030EAC1 /* PBXTargetDependency */,
			);
			name = ThreeButtonsTests;
			productName = ThreeButtonsTests;
			productReference = 10C28C7627F4B5780030EAC1 /* ThreeButtonsTests.xctest */;
			productType = "com.apple.product-type.bundle.unit-test";
		};
		10C28C7F27F4B5780030EAC1 /* ThreeButtonsUITests */ = {
			isa = PBXNativeTarget;
			buildConfigurationList = 10C28C9027F4B5780030EAC1 /* Build configuration list for PBXNativeTarget "ThreeButtonsUITests" */;
			buildPhases = (
				10C28C7C27F4B5780030EAC1 /* Sources */,
				10C28C7D27F4B5780030EAC1 /* Frameworks */,
				10C28C7E27F4B5780030EAC1 /* Resources */,
			);
			buildRules = (
			);
			dependencies = (
				10C28C8227F4B5780030EAC1 /* PBXTargetDependency */,
			);
			name = ThreeButtonsUITests;
			productName = ThreeButtonsUITests;
			productReference = 10C28C8027F4B5780030EAC1 /* ThreeButtonsUITests.xctest */;
			productType = "com.apple.product-type.bundle.ui-testing";
		};
/* End PBXNativeTarget section */

/* Begin PBXProject section */
		10C28C5827F4B5750030EAC1 /* Project object */ = {
			isa = PBXProject;
			attributes = {
				BuildIndependentTargetsInParallel = 1;
				LastSwiftUpdateCheck = 1330;
				LastUpgradeCheck = 1330;
				TargetAttributes = {
					10C28C5F27F4B5750030EAC1 = {
						CreatedOnToolsVersion = 13.3;
					};
					10C28C7527F4B5780030EAC1 = {
						CreatedOnToolsVersion = 13.3;
						TestTargetID = 10C28C5F27F4B5750030EAC1;
					};
					10C28C7F27F4B5780030EAC1 = {
						CreatedOnToolsVersion = 13.3;
						TestTargetID = 10C28C5F27F4B5750030EAC1;
					};
				};
			};
			buildConfigurationList = 10C28C5B27F4B5750030EAC1 /* Build configuration list for PBXProject "ThreeButtons" */;
			compatibilityVersion = "Xcode 13.0";
			developmentRegion = en;
			hasScannedForEncodings = 0;
			knownRegions = (
				en,
				Base,
			);
			mainGroup = 10C28C5727F4B5750030EAC1;
			productRefGroup = 10C28C6127F4B5750030EAC1 /* Products */;
			projectDirPath = "";
			projectRoot = "";
			targets = (
				10C28C5F27F4B5750030EAC1 /* ThreeButtons */,
				10C28C7527F4B5780030EAC1 /* ThreeButtonsTests */,
				10C28C7F27F4B5780030EAC1 /* ThreeButtonsUITests */,
			);
		};
/* End PBXProject section */

/* Begin PBXResourcesBuildPhase section */
		10C28C5E27F4B5750030EAC1 /* Resources */ = {
			isa = PBXResourcesBuildPhase;
			buildActionMask = 2147483647;
			files = (
				10C28C7027F4B5770030EAC1 /* LaunchScreen.storyboard in Resources */,
				10C28C6D27F4B5770030EAC1 /* Assets.xcassets in Resources */,
				10C28C6B27F4B5750030EAC1 /* Main.storyboard in Resources */,
			);
			runOnlyForDeploymentPostprocessing = 0;
		};
		10C28C7427F4B5780030EAC1 /* Resources */ = {
			isa = PBXResourcesBuildPhase;
			buildActionMask = 2147483647;
			files = (
			);
			runOnlyForDeploymentPostprocessing = 0;
		};
		10C28C7E27F4B5780030EAC1 /* Resources */ = {
			isa = PBXResourcesBuildPhase;
			buildActionMask = 2147483647;
			files = (
			);
			runOnlyForDeploymentPostprocessing = 0;
		};
/* End PBXResourcesBuildPhase section */

/* Begin PBXSourcesBuildPhase section */
		10C28C5C27F4B5750030EAC1 /* Sources */ = {
			isa = PBXSourcesBuildPhase;
			buildActionMask = 2147483647;
			files = (
				10C28C6827F4B5750030EAC1 /* ViewController.swift in Sources */,
				10C28C6427F4B5750030EAC1 /* AppDelegate.swift in Sources */,
				10C28C6627F4B5750030EAC1 /* SceneDelegate.swift in Sources */,
			);
			runOnlyForDeploymentPostprocessing = 0;
		};
		10C28C7227F4B5780030EAC1 /* Sources */ = {
			isa = PBXSourcesBuildPhase;
			buildActionMask = 2147483647;
			files = (
				10C28C7B27F4B5780030EAC1 /* ThreeButtonsTests.swift in Sources */,
			);
			runOnlyForDeploymentPostprocessing = 0;
		};
		10C28C7C27F4B5780030EAC1 /* Sources */ = {
			isa = PBXSourcesBuildPhase;
			buildActionMask = 2147483647;
			files = (
				10C28C8527F4B5780030EAC1 /* ThreeButtonsUITests.swift in Sources */,
				10C28C8727F4B5780030EAC1 /* ThreeButtonsUITestsLaunchTests.swift in Sources */,
			);
			runOnlyForDeploymentPostprocessing = 0;
		};
/* End PBXSourcesBuildPhase section */

/* Begin PBXTargetDependency section */
		10C28C7827F4B5780030EAC1 /* PBXTargetDependency */ = {
			isa = PBXTargetDependency;
			target = 10C28C5F27F4B5750030EAC1 /* ThreeButtons */;
			targetProxy = 10C28C7727F4B5780030EAC1 /* PBXContainerItemProxy */;
		};
		10C28C8227F4B5780030EAC1 /* PBXTargetDependency */ = {
			isa = PBXTargetDependency;
			target = 10C28C5F27F4B5750030EAC1 /* ThreeButtons */;
			targetProxy = 10C28C8127F4B5780030EAC1 /* PBXContainerItemProxy */;
		};
/* End PBXTargetDependency section */

/* Begin PBXVariantGroup section */
		10C28C6927F4B5750030EAC1 /* Main.storyboard */ = {
			isa = PBXVariantGroup;
			children = (
				10C28C6A27F4B5750030EAC1 /* Base */,
			);
			name = Main.storyboard;
			sourceTree = "<group>";
		};
		10C28C6E27F4B5770030EAC1 /* LaunchScreen.storyboard */ = {
			isa = PBXVariantGroup;
			children = (
				10C28C6F27F4B5770030EAC1 /* Base */,
			);
			name = LaunchScreen.storyboard;
			sourceTree = "<group>";
		};
/* End PBXVariantGroup section */

/* Begin XCBuildConfiguration section */
		10C28C8827F4B5780030EAC1 /* Debug */ = {
			isa = XCBuildConfiguration;
			buildSettings = {
				ALWAYS_SEARCH_USER_PATHS = NO;
				CLANG_ANALYZER_NONNULL = YES;
				CLANG_ANALYZER_NUMBER_OBJECT_CONVERSION = YES_AGGRESSIVE;
				CLANG_CXX_LANGUAGE_STANDARD = "gnu++17";
				CLANG_ENABLE_MODULES = YES;
				CLANG_ENABLE_OBJC_ARC = YES;
				CLANG_ENABLE_OBJC_WEAK = YES;
				CLANG_WARN_BLOCK_CAPTURE_AUTORELEASING = YES;
				CLANG_WARN_BOOL_CONVERSION = YES;
				CLANG_WARN_COMMA = YES;
				CLANG_WARN_CONSTANT_CONVERSION = YES;
				CLANG_WARN_DEPRECATED_OBJC_IMPLEMENTATIONS = YES;
				CLANG_WARN_DIRECT_OBJC_ISA_USAGE = YES_ERROR;
				CLANG_WARN_DOCUMENTATION_COMMENTS = YES;
				CLANG_WARN_EMPTY_BODY = YES;
				CLANG_WARN_ENUM_CONVERSION = YES;
				CLANG_WARN_INFINITE_RECURSION = YES;
				CLANG_WARN_INT_CONVERSION = YES;
				CLANG_WARN_NON_LITERAL_NULL_CONVERSION = YES;
				CLANG_WARN_OBJC_IMPLICIT_RETAIN_SELF = YES;
				CLANG_WARN_OBJC_LITERAL_CONVERSION = YES;
				CLANG_WARN_OBJC_ROOT_CLASS = YES_ERROR;
				CLANG_WARN_QUOTED_INCLUDE_IN_FRAMEWORK_HEADER = YES;
				CLANG_WARN_RANGE_LOOP_ANALYSIS = YES;
				CLANG_WARN_STRICT_PROTOTYPES = YES;
				CLANG_WARN_SUSPICIOUS_MOVE = YES;
				CLANG_WARN_UNGUARDED_AVAILABILITY = YES_AGGRESSIVE;
				CLANG_WARN_UNREACHABLE_CODE = YES;
				CLANG_WARN__DUPLICATE_METHOD_MATCH = YES;
				COPY_PHASE_STRIP = NO;
				DEBUG_INFORMATION_FORMAT = dwarf;
				ENABLE_STRICT_OBJC_MSGSEND = YES;
				ENABLE_TESTABILITY = YES;
				GCC_C_LANGUAGE_STANDARD = gnu11;
				GCC_DYNAMIC_NO_PIC = NO;
				GCC_NO_COMMON_BLOCKS = YES;
				GCC_OPTIMIZATION_LEVEL = 0;
				GCC_PREPROCESSOR_DEFINITIONS = (
					"DEBUG=1",
					"$(inherited)",
				);
				GCC_WARN_64_TO_32_BIT_CONVERSION = YES;
				GCC_WARN_ABOUT_RETURN_TYPE = YES_ERROR;
				GCC_WARN_UNDECLARED_SELECTOR = YES;
				GCC_WARN_UNINITIALIZED_AUTOS = YES_AGGRESSIVE;
				GCC_WARN_UNUSED_FUNCTION = YES;
				GCC_WARN_UNUSED_VARIABLE = YES;
				IPHONEOS_DEPLOYMENT_TARGET = 15.4;
				MTL_ENABLE_DEBUG_INFO = INCLUDE_SOURCE;
				MTL_FAST_MATH = YES;
				ONLY_ACTIVE_ARCH = YES;
				SDKROOT = iphoneos;
				SWIFT_ACTIVE_COMPILATION_CONDITIONS = DEBUG;
				SWIFT_OPTIMIZATION_LEVEL = "-Onone";
			};
			name = Debug;
		};
		10C28C8927F4B5780030EAC1 /* Release */ = {
			isa = XCBuildConfiguration;
			buildSettings = {
				ALWAYS_SEARCH_USER_PATHS = NO;
				CLANG_ANALYZER_NONNULL = YES;
				CLANG_ANALYZER_NUMBER_OBJECT_CONVERSION = YES_AGGRESSIVE;
				CLANG_CXX_LANGUAGE_STANDARD = "gnu++17";
				CLANG_ENABLE_MODULES = YES;
				CLANG_ENABLE_OBJC_ARC = YES;
				CLANG_ENABLE_OBJC_WEAK = YES;
				CLANG_WARN_BLOCK_CAPTURE_AUTORELEASING = YES;
				CLANG_WARN_BOOL_CONVERSION = YES;
				CLANG_WARN_COMMA = YES;
				CLANG_WARN_CONSTANT_CONVERSION = YES;
				CLANG_WARN_DEPRECATED_OBJC_IMPLEMENTATIONS = YES;
				CLANG_WARN_DIRECT_OBJC_ISA_USAGE = YES_ERROR;
				CLANG_WARN_DOCUMENTATION_COMMENTS = YES;
				CLANG_WARN_EMPTY_BODY = YES;
				CLANG_WARN_ENUM_CONVERSION = YES;
				CLANG_WARN_INFINITE_RECURSION = YES;
				CLANG_WARN_INT_CONVERSION = YES;
				CLANG_WARN_NON_LITERAL_NULL_CONVERSION = YES;
				CLANG_WARN_OBJC_IMPLICIT_RETAIN_SELF = YES;
				CLANG_WARN_OBJC_LITERAL_CONVERSION = YES;
				CLANG_WARN_OBJC_ROOT_CLASS = YES_ERROR;
				CLANG_WARN_QUOTED_INCLUDE_IN_FRAMEWORK_HEADER = YES;
				CLANG_WARN_RANGE_LOOP_ANALYSIS = YES;
				CLANG_WARN_STRICT_PROTOTYPES = YES;
				CLANG_WARN_SUSPICIOUS_MOVE = YES;
				CLANG_WARN_UNGUARDED_AVAILABILITY = YES_AGGRESSIVE;
				CLANG_WARN_UNREACHABLE_CODE = YES;
				CLANG_WARN__DUPLICATE_METHOD_MATCH = YES;
				COPY_PHASE_STRIP = NO;
				DEBUG_INFORMATION_FORMAT = "dwarf-with-dsym";
				ENABLE_NS_ASSERTIONS = NO;
				ENABLE_STRICT_OBJC_MSGSEND = YES;
				GCC_C_LANGUAGE_STANDARD = gnu11;
				GCC_NO_COMMON_BLOCKS = YES;
				GCC_WARN_64_TO_32_BIT_CONVERSION = YES;
				GCC_WARN_ABOUT_RETURN_TYPE = YES_ERROR;
				GCC_WARN_UNDECLARED_SELECTOR = YES;
				GCC_WARN_UNINITIALIZED_AUTOS = YES_AGGRESSIVE;
				GCC_WARN_UNUSED_FUNCTION = YES;
				GCC_WARN_UNUSED_VARIABLE = YES;
				IPHONEOS_DEPLOYMENT_TARGET = 15.4;
				MTL_ENABLE_DEBUG_INFO = NO;
				MTL_FAST_MATH = YES;
				SDKROOT = iphoneos;
				SWIFT_COMPILATION_MODE = wholemodule;
				SWIFT_OPTIMIZATION_LEVEL = "-O";
				VALIDATE_PRODUCT = YES;
			};
			name = Release;
		};
		10C28C8B27F4B5780030EAC1 /* Debug */ = {
			isa = XCBuildConfiguration;
			buildSettings = {
				ASSETCATALOG_COMPILER_APPICON_NAME = AppIcon;
				ASSETCATALOG_COMPILER_GLOBAL_ACCENT_COLOR_NAME = AccentColor;
				CODE_SIGN_STYLE = Automatic;
				CURRENT_PROJECT_VERSION = 1;
				GENERATE_INFOPLIST_FILE = YES;
				INFOPLIST_FILE = ThreeButtons/Info.plist;
				INFOPLIST_KEY_UIApplicationSupportsIndirectInputEvents = YES;
				INFOPLIST_KEY_UILaunchStoryboardName = LaunchScreen;
				INFOPLIST_KEY_UIMainStoryboardFile = Main;
				INFOPLIST_KEY_UISupportedInterfaceOrientations = "UIInterfaceOrientationPortrait UIInterfaceOrientationLandscapeRight UIInterfaceOrientationLandscapeLeft";
				INFOPLIST_KEY_UISupportedInterfaceOrientations_iPad = "UIInterfaceOrientationPortrait UIInterfaceOrientationPortraitUpsideDown UIInterfaceOrientationLandscapeLeft UIInterfaceOrientationLandscapeRight";
				INFOPLIST_KEY_UISupportedInterfaceOrientations_iPhone = "UIInterfaceOrientationPortrait UIInterfaceOrientationLandscapeLeft UIInterfaceOrientationLandscapeRight";
				LD_RUNPATH_SEARCH_PATHS = (
					"$(inherited)",
					"@executable_path/Frameworks",
				);
				MARKETING_VERSION = 1.0;
				PRODUCT_BUNDLE_IDENTIFIER = DE.THU.ThreeButtons;
				PRODUCT_NAME = "$(TARGET_NAME)";
				SWIFT_EMIT_LOC_STRINGS = YES;
				SWIFT_VERSION = 5.0;
				TARGETED_DEVICE_FAMILY = "1,2";
			};
			name = Debug;
		};
		10C28C8C27F4B5780030EAC1 /* Release */ = {
			isa = XCBuildConfiguration;
			buildSettings = {
				ASSETCATALOG_COMPILER_APPICON_NAME = AppIcon;
				ASSETCATALOG_COMPILER_GLOBAL_ACCENT_COLOR_NAME = AccentColor;
				CODE_SIGN_STYLE = Automatic;
				CURRENT_PROJECT_VERSION = 1;
				GENERATE_INFOPLIST_FILE = YES;
				INFOPLIST_FILE = ThreeButtons/Info.plist;
				INFOPLIST_KEY_UIApplicationSupportsIndirectInputEvents = YES;
				INFOPLIST_KEY_UILaunchStoryboardName = LaunchScreen;
				INFOPLIST_KEY_UIMainStoryboardFile = Main;
				INFOPLIST_KEY_UISupportedInterfaceOrientations = "UIInterfaceOrientationPortrait UIInterfaceOrientationLandscapeRight UIInterfaceOrientationLandscapeLeft";
				INFOPLIST_KEY_UISupportedInterfaceOrientations_iPad = "UIInterfaceOrientationPortrait UIInterfaceOrientationPortraitUpsideDown UIInterfaceOrientationLandscapeLeft UIInterfaceOrientationLandscapeRight";
				INFOPLIST_KEY_UISupportedInterfaceOrientations_iPhone = "UIInterfaceOrientationPortrait UIInterfaceOrientationLandscapeLeft UIInterfaceOrientationLandscapeRight";
				LD_RUNPATH_SEARCH_PATHS = (
					"$(inherited)",
					"@executable_path/Frameworks",
				);
				MARKETING_VERSION = 1.0;
				PRODUCT_BUNDLE_IDENTIFIER = DE.THU.ThreeButtons;
				PRODUCT_NAME = "$(TARGET_NAME)";
				SWIFT_EMIT_LOC_STRINGS = YES;
				SWIFT_VERSION = 5.0;
				TARGETED_DEVICE_FAMILY = "1,2";
			};
			name = Release;
		};
		10C28C8E27F4B5780030EAC1 /* Debug */ = {
			isa = XCBuildConfiguration;
			buildSettings = {
				ALWAYS_EMBED_SWIFT_STANDARD_LIBRARIES = YES;
				BUNDLE_LOADER = "$(TEST_HOST)";
				CODE_SIGN_STYLE = Automatic;
				CURRENT_PROJECT_VERSION = 1;
				GENERATE_INFOPLIST_FILE = YES;
				IPHONEOS_DEPLOYMENT_TARGET = 15.4;
				MARKETING_VERSION = 1.0;
				PRODUCT_BUNDLE_IDENTIFIER = DE.THU.ThreeButtonsTests;
				PRODUCT_NAME = "$(TARGET_NAME)";
				SWIFT_EMIT_LOC_STRINGS = NO;
				SWIFT_VERSION = 5.0;
				TARGETED_DEVICE_FAMILY = "1,2";
				TEST_HOST = "$(BUILT_PRODUCTS_DIR)/ThreeButtons.app/ThreeButtons";
			};
			name = Debug;
		};
		10C28C8F27F4B5780030EAC1 /* Release */ = {
			isa = XCBuildConfiguration;
			buildSettings = {
				ALWAYS_EMBED_SWIFT_STANDARD_LIBRARIES = YES;
				BUNDLE_LOADER = "$(TEST_HOST)";
				CODE_SIGN_STYLE = Automatic;
				CURRENT_PROJECT_VERSION = 1;
				GENERATE_INFOPLIST_FILE = YES;
				IPHONEOS_DEPLOYMENT_TARGET = 15.4;
				MARKETING_VERSION = 1.0;
				PRODUCT_BUNDLE_IDENTIFIER = DE.THU.ThreeButtonsTests;
				PRODUCT_NAME = "$(TARGET_NAME)";
				SWIFT_EMIT_LOC_STRINGS = NO;
				SWIFT_VERSION = 5.0;
				TARGETED_DEVICE_FAMILY = "1,2";
				TEST_HOST = "$(BUILT_PRODUCTS_DIR)/ThreeButtons.app/ThreeButtons";
			};
			name = Release;
		};
		10C28C9127F4B5780030EAC1 /* Debug */ = {
			isa = XCBuildConfiguration;
			buildSettings = {
				ALWAYS_EMBED_SWIFT_STANDARD_LIBRARIES = YES;
				CODE_SIGN_STYLE = Automatic;
				CURRENT_PROJECT_VERSION = 1;
				GENERATE_INFOPLIST_FILE = YES;
				MARKETING_VERSION = 1.0;
				PRODUCT_BUNDLE_IDENTIFIER = DE.THU.ThreeButtonsUITests;
				PRODUCT_NAME = "$(TARGET_NAME)";
				SWIFT_EMIT_LOC_STRINGS = NO;
				SWIFT_VERSION = 5.0;
				TARGETED_DEVICE_FAMILY = "1,2";
				TEST_TARGET_NAME = ThreeButtons;
			};
			name = Debug;
		};
		10C28C9227F4B5780030EAC1 /* Release */ = {
			isa = XCBuildConfiguration;
			buildSettings = {
				ALWAYS_EMBED_SWIFT_STANDARD_LIBRARIES = YES;
				CODE_SIGN_STYLE = Automatic;
				CURRENT_PROJECT_VERSION = 1;
				GENERATE_INFOPLIST_FILE = YES;
				MARKETING_VERSION = 1.0;
				PRODUCT_BUNDLE_IDENTIFIER = DE.THU.ThreeButtonsUITests;
				PRODUCT_NAME = "$(TARGET_NAME)";
				SWIFT_EMIT_LOC_STRINGS = NO;
				SWIFT_VERSION = 5.0;
				TARGETED_DEVICE_FAMILY = "1,2";
				TEST_TARGET_NAME = ThreeButtons;
			};
			name = Release;
		};
/* End XCBuildConfiguration section */

/* Begin XCConfigurationList section */
		10C28C5B27F4B5750030EAC1 /* Build configuration list for PBXProject "ThreeButtons" */ = {
			isa = XCConfigurationList;
			buildConfigurations = (
				10C28C8827F4B5780030EAC1 /* Debug */,
				10C28C8927F4B5780030EAC1 /* Release */,
			);
			defaultConfigurationIsVisible = 0;
			defaultConfigurationName = Release;
		};
		10C28C8A27F4B5780030EAC1 /* Build configuration list for PBXNativeTarget "ThreeButtons" */ = {
			isa = XCConfigurationList;
			buildConfigurations = (
				10C28C8B27F4B5780030EAC1 /* Debug */,
				10C28C8C27F4B5780030EAC1 /* Release */,
			);
			defaultConfigurationIsVisible = 0;
			defaultConfigurationName = Release;
		};
		10C28C8D27F4B5780030EAC1 /* Build configuration list for PBXNativeTarget "ThreeButtonsTests" */ = {
			isa = XCConfigurationList;
			buildConfigurations = (
				10C28C8E27F4B5780030EAC1 /* Debug */,
				10C28C8F27F4B5780030EAC1 /* Release */,
			);
			defaultConfigurationIsVisible = 0;
			defaultConfigurationName = Release;
		};
		10C28C9027F4B5780030EAC1 /* Build configuration list for PBXNativeTarget "ThreeButtonsUITests" */ = {
			isa = XCConfigurationList;
			buildConfigurations = (
				10C28C9127F4B5780030EAC1 /* Debug */,
				10C28C9227F4B5780030EAC1 /* Release */,
			);
			defaultConfigurationIsVisible = 0;
			defaultConfigurationName = Release;
		};
/* End XCConfigurationList section */
	};
	rootObject = 10C28C5827F4B5750030EAC1 /* Project object */;
}
