// !$*UTF8*$!
{
	archiveVersion = 1;
	classes = {
	};
	objectVersion = 55;
	objects = {

/* Begin PBXBuildFile section */
		10C28CA027F4C72F0030EAC1 /* AppDelegate.swift in Sources */ = {isa = PBXBuildFile; fileRef = 10C28C9F27F4C72F0030EAC1 /* AppDelegate.swift */; };
		10C28CA227F4C72F0030EAC1 /* SceneDelegate.swift in Sources */ = {isa = PBXBuildFile; fileRef = 10C28CA127F4C72F0030EAC1 /* SceneDelegate.swift */; };
		10C28CA427F4C72F0030EAC1 /* ViewController.swift in Sources */ = {isa = PBXBuildFile; fileRef = 10C28CA327F4C72F0030EAC1 /* ViewController.swift */; };
		10C28CA727F4C72F0030EAC1 /* Main.storyboard in Resources */ = {isa = PBXBuildFile; fileRef = 10C28CA527F4C72F0030EAC1 /* Main.storyboard */; };
		10C28CA927F4C7310030EAC1 /* Assets.xcassets in Resources */ = {isa = PBXBuildFile; fileRef = 10C28CA827F4C7310030EAC1 /* Assets.xcassets */; };
		10C28CAC27F4C7310030EAC1 /* LaunchScreen.storyboard in Resources */ = {isa = PBXBuildFile; fileRef = 10C28CAA27F4C7310030EAC1 /* LaunchScreen.storyboard */; };
		10C28CB727F4C7310030EAC1 /* ThreeButtonsOneActionTests.swift in Sources */ = {isa = PBXBuildFile; fileRef = 10C28CB627F4C7310030EAC1 /* ThreeButtonsOneActionTests.swift */; };
		10C28CC127F4C7310030EAC1 /* ThreeButtonsOneActionUITests.swift in Sources */ = {isa = PBXBuildFile; fileRef = 10C28CC027F4C7310030EAC1 /* ThreeButtonsOneActionUITests.swift */; };
		10C28CC327F4C7310030EAC1 /* ThreeButtonsOneActionUITestsLaunchTests.swift in Sources */ = {isa = PBXBuildFile; fileRef = 10C28CC227F4C7310030EAC1 /* ThreeButtonsOneActionUITestsLaunchTests.swift */; };
/* End PBXBuildFile section */

/* Begin PBXContainerItemProxy section */
		10C28CB327F4C7310030EAC1 /* PBXContainerItemProxy */ = {
			isa = PBXContainerItemProxy;
			containerPortal = 10C28C9427F4C72F0030EAC1 /* Project object */;
			proxyType = 1;
			remoteGlobalIDString = 10C28C9B27F4C72F0030EAC1;
			remoteInfo = ThreeButtonsOneAction;
		};
		10C28CBD27F4C7310030EAC1 /* PBXContainerItemProxy */ = {
			isa = PBXContainerItemProxy;
			containerPortal = 10C28C9427F4C72F0030EAC1 /* Project object */;
			proxyType = 1;
			remoteGlobalIDString = 10C28C9B27F4C72F0030EAC1;
			remoteInfo = ThreeButtonsOneAction;
		};
/* End PBXContainerItemProxy section */

/* Begin PBXFileReference section */
		10C28C9C27F4C72F0030EAC1 /* ThreeButtonsOneAction.app */ = {isa = PBXFileReference; explicitFileType = wrapper.application; includeInIndex = 0; path = ThreeButtonsOneAction.app; sourceTree = BUILT_PRODUCTS_DIR; };
		10C28C9F27F4C72F0030EAC1 /* AppDelegate.swift */ = {isa = PBXFileReference; lastKnownFileType = sourcecode.swift; path = AppDelegate.swift; sourceTree = "<group>"; };
		10C28CA127F4C72F0030EAC1 /* SceneDelegate.swift */ = {isa = PBXFileReference; lastKnownFileType = sourcecode.swift; path = SceneDelegate.swift; sourceTree = "<group>"; };
		10C28CA327F4C72F0030EAC1 /* ViewController.swift */ = {isa = PBXFileReference; lastKnownFileType = sourcecode.swift; path = ViewController.swift; sourceTree = "<group>"; };
		10C28CA627F4C72F0030EAC1 /* Base */ = {isa = PBXFileReference; lastKnownFileType = file.storyboard; name = Base; path = Base.lproj/Main.storyboard; sourceTree = "<group>"; };
		10C28CA827F4C7310030EAC1 /* Assets.xcassets */ = {isa = PBXFileReference; lastKnownFileType = folder.assetcatalog; path = Assets.xcassets; sourceTree = "<group>"; };
		10C28CAB27F4C7310030EAC1 /* Base */ = {isa = PBXFileReference; lastKnownFileType = file.storyboard; name = Base; path = Base.lproj/LaunchScreen.storyboard; sourceTree = "<group>"; };
		10C28CAD27F4C7310030EAC1 /* Info.plist */ = {isa = PBXFileReference; lastKnownFileType = text.plist.xml; path = Info.plist; sourceTree = "<group>"; };
		10C28CB227F4C7310030EAC1 /* ThreeButtonsOneActionTests.xctest */ = {isa = PBXFileReference; explicitFileType = wrapper.cfbundle; includeInIndex = 0; path = ThreeButtonsOneActionTests.xctest; sourceTree = BUILT_PRODUCTS_DIR; };
		10C28CB627F4C7310030EAC1 /* ThreeButtonsOneActionTests.swift */ = {isa = PBXFileReference; lastKnownFileType = sourcecode.swift; path = ThreeButtonsOneActionTests.swift; sourceTree = "<group>"; };
		10C28CBC27F4C7310030EAC1 /* ThreeButtonsOneActionUITests.xctest */ = {isa = PBXFileReference; explicitFileType = wrapper.cfbundle; includeInIndex = 0; path = ThreeButtonsOneActionUITests.xctest; sourceTree = BUILT_PRODUCTS_DIR; };
		10C28CC027F4C7310030EAC1 /* ThreeButtonsOneActionUITests.swift */ = {isa = PBXFileReference; lastKnownFileType = sourcecode.swift; path = ThreeButtonsOneActionUITests.swift; sourceTree = "<group>"; };
		10C28CC227F4C7310030EAC1 /* ThreeButtonsOneActionUITestsLaunchTests.swift */ = {isa = PBXFileReference; lastKnownFileType = sourcecode.swift; path = ThreeButtonsOneActionUITestsLaunchTests.swift; sourceTree = "<group>"; };
/* End PBXFileReference section */

/* Begin PBXFrameworksBuildPhase section */
		10C28C9927F4C72F0030EAC1 /* Frameworks */ = {
			isa = PBXFrameworksBuildPhase;
			buildActionMask = 2147483647;
			files = (
			);
			runOnlyForDeploymentPostprocessing = 0;
		};
		10C28CAF27F4C7310030EAC1 /* Frameworks */ = {
			isa = PBXFrameworksBuildPhase;
			buildActionMask = 2147483647;
			files = (
			);
			runOnlyForDeploymentPostprocessing = 0;
		};
		10C28CB927F4C7310030EAC1 /* Frameworks */ = {
			isa = PBXFrameworksBuildPhase;
			buildActionMask = 2147483647;
			files = (
			);
			runOnlyForDeploymentPostprocessing = 0;
		};
/* End PBXFrameworksBuildPhase section */

/* Begin PBXGroup section */
		10C28C9327F4C72F0030EAC1 = {
			isa = PBXGroup;
			children = (
				10C28C9E27F4C72F0030EAC1 /* ThreeButtonsOneAction */,
				10C28CB527F4C7310030EAC1 /* ThreeButtonsOneActionTests */,
				10C28CBF27F4C7310030EAC1 /* ThreeButtonsOneActionUITests */,
				10C28C9D27F4C72F0030EAC1 /* Products */,
			);
			sourceTree = "<group>";
		};
		10C28C9D27F4C72F0030EAC1 /* Products */ = {
			isa = PBXGroup;
			children = (
				10C28C9C27F4C72F0030EAC1 /* ThreeButtonsOneAction.app */,
				10C28CB227F4C7310030EAC1 /* ThreeButtonsOneActionTests.xctest */,
				10C28CBC27F4C7310030EAC1 /* ThreeButtonsOneActionUITests.xctest */,
			);
			name = Products;
			sourceTree = "<group>";
		};
		10C28C9E27F4C72F0030EAC1 /* ThreeButtonsOneAction */ = {
			isa = PBXGroup;
			children = (
				10C28C9F27F4C72F0030EAC1 /* AppDelegate.swift */,
				10C28CA127F4C72F0030EAC1 /* SceneDelegate.swift */,
				10C28CA327F4C72F0030EAC1 /* ViewController.swift */,
				10C28CA527F4C72F0030EAC1 /* Main.storyboard */,
				10C28CA827F4C7310030EAC1 /* Assets.xcassets */,
				10C28CAA27F4C7310030EAC1 /* LaunchScreen.storyboard */,
				10C28CAD27F4C7310030EAC1 /* Info.plist */,
			);
			path = ThreeButtonsOneAction;
			sourceTree = "<group>";
		};
		10C28CB527F4C7310030EAC1 /* ThreeButtonsOneActionTests */ = {
			isa = PBXGroup;
			children = (
				10C28CB627F4C7310030EAC1 /* ThreeButtonsOneActionTests.swift */,
			);
			path = ThreeButtonsOneActionTests;
			sourceTree = "<group>";
		};
		10C28CBF27F4C7310030EAC1 /* ThreeButtonsOneActionUITests */ = {
			isa = PBXGroup;
			children = (
				10C28CC027F4C7310030EAC1 /* ThreeButtonsOneActionUITests.swift */,
				10C28CC227F4C7310030EAC1 /* ThreeButtonsOneActionUITestsLaunchTests.swift */,
			);
			path = ThreeButtonsOneActionUITests;
			sourceTree = "<group>";
		};
/* End PBXGroup section */

/* Begin PBXNativeTarget section */
		10C28C9B27F4C72F0030EAC1 /* ThreeButtonsOneAction */ = {
			isa = PBXNativeTarget;
			buildConfigurationList = 10C28CC627F4C7310030EAC1 /* Build configuration list for PBXNativeTarget "ThreeButtonsOneAction" */;
			buildPhases = (
				10C28C9827F4C72F0030EAC1 /* Sources */,
				10C28C9927F4C72F0030EAC1 /* Frameworks */,
				10C28C9A27F4C72F0030EAC1 /* Resources */,
			);
			buildRules = (
			);
			dependencies = (
			);
			name = ThreeButtonsOneAction;
			productName = ThreeButtonsOneAction;
			productReference = 10C28C9C27F4C72F0030EAC1 /* ThreeButtonsOneAction.app */;
			productType = "com.apple.product-type.application";
		};
		10C28CB127F4C7310030EAC1 /* ThreeButtonsOneActionTests */ = {
			isa = PBXNativeTarget;
			buildConfigurationList = 10C28CC927F4C7310030EAC1 /* Build configuration list for PBXNativeTarget "ThreeButtonsOneActionTests" */;
			buildPhases = (
				10C28CAE27F4C7310030EAC1 /* Sources */,
				10C28CAF27F4C7310030EAC1 /* Frameworks */,
				10C28CB027F4C7310030EAC1 /* Resources */,
			);
			buildRules = (
			);
			dependencies = (
				10C28CB427F4C7310030EAC1 /* PBXTargetDependency */,
			);
			name = ThreeButtonsOneActionTests;
			productName = ThreeButtonsOneActionTests;
			productReference = 10C28CB227F4C7310030EAC1 /* ThreeButtonsOneActionTests.xctest */;
			productType = "com.apple.product-type.bundle.unit-test";
		};
		10C28CBB27F4C7310030EAC1 /* ThreeButtonsOneActionUITests */ = {
			isa = PBXNativeTarget;
			buildConfigurationList = 10C28CCC27F4C7310030EAC1 /* Build configuration list for PBXNativeTarget "ThreeButtonsOneActionUITests" */;
			buildPhases = (
				10C28CB827F4C7310030EAC1 /* Sources */,
				10C28CB927F4C7310030EAC1 /* Frameworks */,
				10C28CBA27F4C7310030EAC1 /* Resources */,
			);
			buildRules = (
			);
			dependencies = (
				10C28CBE27F4C7310030EAC1 /* PBXTargetDependency */,
			);
			name = ThreeButtonsOneActionUITests;
			productName = ThreeButtonsOneActionUITests;
			productReference = 10C28CBC27F4C7310030EAC1 /* ThreeButtonsOneActionUITests.xctest */;
			productType = "com.apple.product-type.bundle.ui-testing";
		};
/* End PBXNativeTarget section */

/* Begin PBXProject section */
		10C28C9427F4C72F0030EAC1 /* Project object */ = {
			isa = PBXProject;
			attributes = {
				BuildIndependentTargetsInParallel = 1;
				LastSwiftUpdateCheck = 1330;
				LastUpgradeCheck = 1330;
				TargetAttributes = {
					10C28C9B27F4C72F0030EAC1 = {
						CreatedOnToolsVersion = 13.3;
					};
					10C28CB127F4C7310030EAC1 = {
						CreatedOnToolsVersion = 13.3;
						TestTargetID = 10C28C9B27F4C72F0030EAC1;
					};
					10C28CBB27F4C7310030EAC1 = {
						CreatedOnToolsVersion = 13.3;
						TestTargetID = 10C28C9B27F4C72F0030EAC1;
					};
				};
			};
			buildConfigurationList = 10C28C9727F4C72F0030EAC1 /* Build configuration list for PBXProject "ThreeButtonsOneAction" */;
			compatibilityVersion = "Xcode 13.0";
			developmentRegion = en;
			hasScannedForEncodings = 0;
			knownRegions = (
				en,
				Base,
			);
			mainGroup = 10C28C9327F4C72F0030EAC1;
			productRefGroup = 10C28C9D27F4C72F0030EAC1 /* Products */;
			projectDirPath = "";
			projectRoot = "";
			targets = (
				10C28C9B27F4C72F0030EAC1 /* ThreeButtonsOneAction */,
				10C28CB127F4C7310030EAC1 /* ThreeButtonsOneActionTests */,
				10C28CBB27F4C7310030EAC1 /* ThreeButtonsOneActionUITests */,
			);
		};
/* End PBXProject section */

/* Begin PBXResourcesBuildPhase section */
		10C28C9A27F4C72F0030EAC1 /* Resources */ = {
			isa = PBXResourcesBuildPhase;
			buildActionMask = 2147483647;
			files = (
				10C28CAC27F4C7310030EAC1 /* LaunchScreen.storyboard in Resources */,
				10C28CA927F4C7310030EAC1 /* Assets.xcassets in Resources */,
				10C28CA727F4C72F0030EAC1 /* Main.storyboard in Resources */,
			);
			runOnlyForDeploymentPostprocessing = 0;
		};
		10C28CB027F4C7310030EAC1 /* Resources */ = {
			isa = PBXResourcesBuildPhase;
			buildActionMask = 2147483647;
			files = (
			);
			runOnlyForDeploymentPostprocessing = 0;
		};
		10C28CBA27F4C7310030EAC1 /* Resources */ = {
			isa = PBXResourcesBuildPhase;
			buildActionMask = 2147483647;
			files = (
			);
			runOnlyForDeploymentPostprocessing = 0;
		};
/* End PBXResourcesBuildPhase section */

/* Begin PBXSourcesBuildPhase section */
		10C28C9827F4C72F0030EAC1 /* Sources */ = {
			isa = PBXSourcesBuildPhase;
			buildActionMask = 2147483647;
			files = (
				10C28CA427F4C72F0030EAC1 /* ViewController.swift in Sources */,
				10C28CA027F4C72F0030EAC1 /* AppDelegate.swift in Sources */,
				10C28CA227F4C72F0030EAC1 /* SceneDelegate.swift in Sources */,
			);
			runOnlyForDeploymentPostprocessing = 0;
		};
		10C28CAE27F4C7310030EAC1 /* Sources */ = {
			isa = PBXSourcesBuildPhase;
			buildActionMask = 2147483647;
			files = (
				10C28CB727F4C7310030EAC1 /* ThreeButtonsOneActionTests.swift in Sources */,
			);
			runOnlyForDeploymentPostprocessing = 0;
		};
		10C28CB827F4C7310030EAC1 /* Sources */ = {
			isa = PBXSourcesBuildPhase;
			buildActionMask = 2147483647;
			files = (
				10C28CC327F4C7310030EAC1 /* ThreeButtonsOneActionUITestsLaunchTests.swift in Sources */,
				10C28CC127F4C7310030EAC1 /* ThreeButtonsOneActionUITests.swift in Sources */,
			);
			runOnlyForDeploymentPostprocessing = 0;
		};
/* End PBXSourcesBuildPhase section */

/* Begin PBXTargetDependency section */
		10C28CB427F4C7310030EAC1 /* PBXTargetDependency */ = {
			isa = PBXTargetDependency;
			target = 10C28C9B27F4C72F0030EAC1 /* ThreeButtonsOneAction */;
			targetProxy = 10C28CB327F4C7310030EAC1 /* PBXContainerItemProxy */;
		};
		10C28CBE27F4C7310030EAC1 /* PBXTargetDependency */ = {
			isa = PBXTargetDependency;
			target = 10C28C9B27F4C72F0030EAC1 /* ThreeButtonsOneAction */;
			targetProxy = 10C28CBD27F4C7310030EAC1 /* PBXContainerItemProxy */;
		};
/* End PBXTargetDependency section */

/* Begin PBXVariantGroup section */
		10C28CA527F4C72F0030EAC1 /* Main.storyboard */ = {
			isa = PBXVariantGroup;
			children = (
				10C28CA627F4C72F0030EAC1 /* Base */,
			);
			name = Main.storyboard;
			sourceTree = "<group>";
		};
		10C28CAA27F4C7310030EAC1 /* LaunchScreen.storyboard */ = {
			isa = PBXVariantGroup;
			children = (
				10C28CAB27F4C7310030EAC1 /* Base */,
			);
			name = LaunchScreen.storyboard;
			sourceTree = "<group>";
		};
/* End PBXVariantGroup section */

/* Begin XCBuildConfiguration section */
		10C28CC427F4C7310030EAC1 /* Debug */ = {
			isa = XCBuildConfiguration;
			buildSettings = {
				ALWAYS_SEARCH_USER_PATHS = NO;
				CLANG_ANALYZER_NONNULL = YES;
				CLANG_ANALYZER_NUMBER_OBJECT_CONVERSION = YES_AGGRESSIVE;
				CLANG_CXX_LANGUAGE_STANDARD = "gnu++17";
				CLANG_ENABLE_MODULES = YES;
				CLANG_ENABLE_OBJC_ARC = YES;
				CLANG_ENABLE_OBJC_WEAK = YES;
				CLANG_WARN_BLOCK_CAPTURE_AUTORELEASING = YES;
				CLANG_WARN_BOOL_CONVERSION = YES;
				CLANG_WARN_COMMA = YES;
				CLANG_WARN_CONSTANT_CONVERSION = YES;
				CLANG_WARN_DEPRECATED_OBJC_IMPLEMENTATIONS = YES;
				CLANG_WARN_DIRECT_OBJC_ISA_USAGE = YES_ERROR;
				CLANG_WARN_DOCUMENTATION_COMMENTS = YES;
				CLANG_WARN_EMPTY_BODY = YES;
				CLANG_WARN_ENUM_CONVERSION = YES;
				CLANG_WARN_INFINITE_RECURSION = YES;
				CLANG_WARN_INT_CONVERSION = YES;
				CLANG_WARN_NON_LITERAL_NULL_CONVERSION = YES;
				CLANG_WARN_OBJC_IMPLICIT_RETAIN_SELF = YES;
				CLANG_WARN_OBJC_LITERAL_CONVERSION = YES;
				CLANG_WARN_OBJC_ROOT_CLASS = YES_ERROR;
				CLANG_WARN_QUOTED_INCLUDE_IN_FRAMEWORK_HEADER = YES;
				CLANG_WARN_RANGE_LOOP_ANALYSIS = YES;
				CLANG_WARN_STRICT_PROTOTYPES = YES;
				CLANG_WARN_SUSPICIOUS_MOVE = YES;
				CLANG_WARN_UNGUARDED_AVAILABILITY = YES_AGGRESSIVE;
				CLANG_WARN_UNREACHABLE_CODE = YES;
				CLANG_WARN__DUPLICATE_METHOD_MATCH = YES;
				COPY_PHASE_STRIP = NO;
				DEBUG_INFORMATION_FORMAT = dwarf;
				ENABLE_STRICT_OBJC_MSGSEND = YES;
				ENABLE_TESTABILITY = YES;
				GCC_C_LANGUAGE_STANDARD = gnu11;
				GCC_DYNAMIC_NO_PIC = NO;
				GCC_NO_COMMON_BLOCKS = YES;
				GCC_OPTIMIZATION_LEVEL = 0;
				GCC_PREPROCESSOR_DEFINITIONS = (
					"DEBUG=1",
					"$(inherited)",
				);
				GCC_WARN_64_TO_32_BIT_CONVERSION = YES;
				GCC_WARN_ABOUT_RETURN_TYPE = YES_ERROR;
				GCC_WARN_UNDECLARED_SELECTOR = YES;
				GCC_WARN_UNINITIALIZED_AUTOS = YES_AGGRESSIVE;
				GCC_WARN_UNUSED_FUNCTION = YES;
				GCC_WARN_UNUSED_VARIABLE = YES;
				IPHONEOS_DEPLOYMENT_TARGET = 15.4;
				MTL_ENABLE_DEBUG_INFO = INCLUDE_SOURCE;
				MTL_FAST_MATH = YES;
				ONLY_ACTIVE_ARCH = YES;
				SDKROOT = iphoneos;
				SWIFT_ACTIVE_COMPILATION_CONDITIONS = DEBUG;
				SWIFT_OPTIMIZATION_LEVEL = "-Onone";
			};
			name = Debug;
		};
		10C28CC527F4C7310030EAC1 /* Release */ = {
			isa = XCBuildConfiguration;
			buildSettings = {
				ALWAYS_SEARCH_USER_PATHS = NO;
				CLANG_ANALYZER_NONNULL = YES;
				CLANG_ANALYZER_NUMBER_OBJECT_CONVERSION = YES_AGGRESSIVE;
				CLANG_CXX_LANGUAGE_STANDARD = "gnu++17";
				CLANG_ENABLE_MODULES = YES;
				CLANG_ENABLE_OBJC_ARC = YES;
				CLANG_ENABLE_OBJC_WEAK = YES;
				CLANG_WARN_BLOCK_CAPTURE_AUTORELEASING = YES;
				CLANG_WARN_BOOL_CONVERSION = YES;
				CLANG_WARN_COMMA = YES;
				CLANG_WARN_CONSTANT_CONVERSION = YES;
				CLANG_WARN_DEPRECATED_OBJC_IMPLEMENTATIONS = YES;
				CLANG_WARN_DIRECT_OBJC_ISA_USAGE = YES_ERROR;
				CLANG_WARN_DOCUMENTATION_COMMENTS = YES;
				CLANG_WARN_EMPTY_BODY = YES;
				CLANG_WARN_ENUM_CONVERSION = YES;
				CLANG_WARN_INFINITE_RECURSION = YES;
				CLANG_WARN_INT_CONVERSION = YES;
				CLANG_WARN_NON_LITERAL_NULL_CONVERSION = YES;
				CLANG_WARN_OBJC_IMPLICIT_RETAIN_SELF = YES;
				CLANG_WARN_OBJC_LITERAL_CONVERSION = YES;
				CLANG_WARN_OBJC_ROOT_CLASS = YES_ERROR;
				CLANG_WARN_QUOTED_INCLUDE_IN_FRAMEWORK_HEADER = YES;
				CLANG_WARN_RANGE_LOOP_ANALYSIS = YES;
				CLANG_WARN_STRICT_PROTOTYPES = YES;
				CLANG_WARN_SUSPICIOUS_MOVE = YES;
				CLANG_WARN_UNGUARDED_AVAILABILITY = YES_AGGRESSIVE;
				CLANG_WARN_UNREACHABLE_CODE = YES;
				CLANG_WARN__DUPLICATE_METHOD_MATCH = YES;
				COPY_PHASE_STRIP = NO;
				DEBUG_INFORMATION_FORMAT = "dwarf-with-dsym";
				ENABLE_NS_ASSERTIONS = NO;
				ENABLE_STRICT_OBJC_MSGSEND = YES;
				GCC_C_LANGUAGE_STANDARD = gnu11;
				GCC_NO_COMMON_BLOCKS = YES;
				GCC_WARN_64_TO_32_BIT_CONVERSION = YES;
				GCC_WARN_ABOUT_RETURN_TYPE = YES_ERROR;
				GCC_WARN_UNDECLARED_SELECTOR = YES;
				GCC_WARN_UNINITIALIZED_AUTOS = YES_AGGRESSIVE;
				GCC_WARN_UNUSED_FUNCTION = YES;
				GCC_WARN_UNUSED_VARIABLE = YES;
				IPHONEOS_DEPLOYMENT_TARGET = 15.4;
				MTL_ENABLE_DEBUG_INFO = NO;
				MTL_FAST_MATH = YES;
				SDKROOT = iphoneos;
				SWIFT_COMPILATION_MODE = wholemodule;
				SWIFT_OPTIMIZATION_LEVEL = "-O";
				VALIDATE_PRODUCT = YES;
			};
			name = Release;
		};
		10C28CC727F4C7310030EAC1 /* Debug */ = {
			isa = XCBuildConfiguration;
			buildSettings = {
				ASSETCATALOG_COMPILER_APPICON_NAME = AppIcon;
				ASSETCATALOG_COMPILER_GLOBAL_ACCENT_COLOR_NAME = AccentColor;
				CODE_SIGN_STYLE = Automatic;
				CURRENT_PROJECT_VERSION = 1;
				GENERATE_INFOPLIST_FILE = YES;
				INFOPLIST_FILE = ThreeButtonsOneAction/Info.plist;
				INFOPLIST_KEY_UIApplicationSupportsIndirectInputEvents = YES;
				INFOPLIST_KEY_UILaunchStoryboardName = LaunchScreen;
				INFOPLIST_KEY_UIMainStoryboardFile = Main;
				INFOPLIST_KEY_UISupportedInterfaceOrientations = "UIInterfaceOrientationPortrait UIInterfaceOrientationLandscapeLeft UIInterfaceOrientationLandscapeRight";
				INFOPLIST_KEY_UISupportedInterfaceOrientations_iPad = "UIInterfaceOrientationPortrait UIInterfaceOrientationPortraitUpsideDown UIInterfaceOrientationLandscapeLeft UIInterfaceOrientationLandscapeRight";
				INFOPLIST_KEY_UISupportedInterfaceOrientations_iPhone = "UIInterfaceOrientationPortrait UIInterfaceOrientationLandscapeLeft UIInterfaceOrientationLandscapeRight";
				LD_RUNPATH_SEARCH_PATHS = (
					"$(inherited)",
					"@executable_path/Frameworks",
				);
				MARKETING_VERSION = 1.0;
				PRODUCT_BUNDLE_IDENTIFIER = DE.THU.ThreeButtonsOneAction;
				PRODUCT_NAME = "$(TARGET_NAME)";
				SWIFT_EMIT_LOC_STRINGS = YES;
				SWIFT_VERSION = 5.0;
				TARGETED_DEVICE_FAMILY = "1,2";
			};
			name = Debug;
		};
		10C28CC827F4C7310030EAC1 /* Release */ = {
			isa = XCBuildConfiguration;
			buildSettings = {
				ASSETCATALOG_COMPILER_APPICON_NAME = AppIcon;
				ASSETCATALOG_COMPILER_GLOBAL_ACCENT_COLOR_NAME = AccentColor;
				CODE_SIGN_STYLE = Automatic;
				CURRENT_PROJECT_VERSION = 1;
				GENERATE_INFOPLIST_FILE = YES;
				INFOPLIST_FILE = ThreeButtonsOneAction/Info.plist;
				INFOPLIST_KEY_UIApplicationSupportsIndirectInputEvents = YES;
				INFOPLIST_KEY_UILaunchStoryboardName = LaunchScreen;
				INFOPLIST_KEY_UIMainStoryboardFile = Main;
				INFOPLIST_KEY_UISupportedInterfaceOrientations = "UIInterfaceOrientationPortrait UIInterfaceOrientationLandscapeLeft UIInterfaceOrientationLandscapeRight";
				INFOPLIST_KEY_UISupportedInterfaceOrientations_iPad = "UIInterfaceOrientationPortrait UIInterfaceOrientationPortraitUpsideDown UIInterfaceOrientationLandscapeLeft UIInterfaceOrientationLandscapeRight";
				INFOPLIST_KEY_UISupportedInterfaceOrientations_iPhone = "UIInterfaceOrientationPortrait UIInterfaceOrientationLandscapeLeft UIInterfaceOrientationLandscapeRight";
				LD_RUNPATH_SEARCH_PATHS = (
					"$(inherited)",
					"@executable_path/Frameworks",
				);
				MARKETING_VERSION = 1.0;
				PRODUCT_BUNDLE_IDENTIFIER = DE.THU.ThreeButtonsOneAction;
				PRODUCT_NAME = "$(TARGET_NAME)";
				SWIFT_EMIT_LOC_STRINGS = YES;
				SWIFT_VERSION = 5.0;
				TARGETED_DEVICE_FAMILY = "1,2";
			};
			name = Release;
		};
		10C28CCA27F4C7310030EAC1 /* Debug */ = {
			isa = XCBuildConfiguration;
			buildSettings = {
				ALWAYS_EMBED_SWIFT_STANDARD_LIBRARIES = YES;
				BUNDLE_LOADER = "$(TEST_HOST)";
				CODE_SIGN_STYLE = Automatic;
				CURRENT_PROJECT_VERSION = 1;
				GENERATE_INFOPLIST_FILE = YES;
				IPHONEOS_DEPLOYMENT_TARGET = 15.4;
				MARKETING_VERSION = 1.0;
				PRODUCT_BUNDLE_IDENTIFIER = DE.THU.ThreeButtonsOneActionTests;
				PRODUCT_NAME = "$(TARGET_NAME)";
				SWIFT_EMIT_LOC_STRINGS = NO;
				SWIFT_VERSION = 5.0;
				TARGETED_DEVICE_FAMILY = "1,2";
				TEST_HOST = "$(BUILT_PRODUCTS_DIR)/ThreeButtonsOneAction.app/ThreeButtonsOneAction";
			};
			name = Debug;
		};
		10C28CCB27F4C7310030EAC1 /* Release */ = {
			isa = XCBuildConfiguration;
			buildSettings = {
				ALWAYS_EMBED_SWIFT_STANDARD_LIBRARIES = YES;
				BUNDLE_LOADER = "$(TEST_HOST)";
				CODE_SIGN_STYLE = Automatic;
				CURRENT_PROJECT_VERSION = 1;
				GENERATE_INFOPLIST_FILE = YES;
				IPHONEOS_DEPLOYMENT_TARGET = 15.4;
				MARKETING_VERSION = 1.0;
				PRODUCT_BUNDLE_IDENTIFIER = DE.THU.ThreeButtonsOneActionTests;
				PRODUCT_NAME = "$(TARGET_NAME)";
				SWIFT_EMIT_LOC_STRINGS = NO;
				SWIFT_VERSION = 5.0;
				TARGETED_DEVICE_FAMILY = "1,2";
				TEST_HOST = "$(BUILT_PRODUCTS_DIR)/ThreeButtonsOneAction.app/ThreeButtonsOneAction";
			};
			name = Release;
		};
		10C28CCD27F4C7310030EAC1 /* Debug */ = {
			isa = XCBuildConfiguration;
			buildSettings = {
				ALWAYS_EMBED_SWIFT_STANDARD_LIBRARIES = YES;
				CODE_SIGN_STYLE = Automatic;
				CURRENT_PROJECT_VERSION = 1;
				GENERATE_INFOPLIST_FILE = YES;
				MARKETING_VERSION = 1.0;
				PRODUCT_BUNDLE_IDENTIFIER = DE.THU.ThreeButtonsOneActionUITests;
				PRODUCT_NAME = "$(TARGET_NAME)";
				SWIFT_EMIT_LOC_STRINGS = NO;
				SWIFT_VERSION = 5.0;
				TARGETED_DEVICE_FAMILY = "1,2";
				TEST_TARGET_NAME = ThreeButtonsOneAction;
			};
			name = Debug;
		};
		10C28CCE27F4C7310030EAC1 /* Release */ = {
			isa = XCBuildConfiguration;
			buildSettings = {
				ALWAYS_EMBED_SWIFT_STANDARD_LIBRARIES = YES;
				CODE_SIGN_STYLE = Automatic;
				CURRENT_PROJECT_VERSION = 1;
				GENERATE_INFOPLIST_FILE = YES;
				MARKETING_VERSION = 1.0;
				PRODUCT_BUNDLE_IDENTIFIER = DE.THU.ThreeButtonsOneActionUITests;
				PRODUCT_NAME = "$(TARGET_NAME)";
				SWIFT_EMIT_LOC_STRINGS = NO;
				SWIFT_VERSION = 5.0;
				TARGETED_DEVICE_FAMILY = "1,2";
				TEST_TARGET_NAME = ThreeButtonsOneAction;
			};
			name = Release;
		};
/* End XCBuildConfiguration section */

/* Begin XCConfigurationList section */
		10C28C9727F4C72F0030EAC1 /* Build configuration list for PBXProject "ThreeButtonsOneAction" */ = {
			isa = XCConfigurationList;
			buildConfigurations = (
				10C28CC427F4C7310030EAC1 /* Debug */,
				10C28CC527F4C7310030EAC1 /* Release */,
			);
			defaultConfigurationIsVisible = 0;
			defaultConfigurationName = Release;
		};
		10C28CC627F4C7310030EAC1 /* Build configuration list for PBXNativeTarget "ThreeButtonsOneAction" */ = {
			isa = XCConfigurationList;
			buildConfigurations = (
				10C28CC727F4C7310030EAC1 /* Debug */,
				10C28CC827F4C7310030EAC1 /* Release */,
			);
			defaultConfigurationIsVisible = 0;
			defaultConfigurationName = Release;
		};
		10C28CC927F4C7310030EAC1 /* Build configuration list for PBXNativeTarget "ThreeButtonsOneActionTests" */ = {
			isa = XCConfigurationList;
			buildConfigurations = (
				10C28CCA27F4C7310030EAC1 /* Debug */,
				10C28CCB27F4C7310030EAC1 /* Release */,
			);
			defaultConfigurationIsVisible = 0;
			defaultConfigurationName = Release;
		};
		10C28CCC27F4C7310030EAC1 /* Build configuration list for PBXNativeTarget "ThreeButtonsOneActionUITests" */ = {
			isa = XCConfigurationList;
			buildConfigurations = (
				10C28CCD27F4C7310030EAC1 /* Debug */,
				10C28CCE27F4C7310030EAC1 /* Release */,
			);
			defaultConfigurationIsVisible = 0;
			defaultConfigurationName = Release;
		};
/* End XCConfigurationList section */
	};
	rootObject = 10C28C9427F4C72F0030EAC1 /* Project object */;
}
